
Microsoft Visual Studio Solution File, Format Version 12.00
# Visual Studio Version 16
VisualStudioVersion = 16.0.29709.97
MinimumVisualStudioVersion = 10.0.40219.1
Project("{8BC9CEB8-8B4A-11D0-8D11-00A0C91BC942}") = "SFML_VideoPlayer", "SFML_VideoPlayer.vcxproj", "{EF912DE1-E9AD-4DD1-B26E-076F5B8DF693}"
EndProject
Global
	GlobalSection(SolutionConfigurationPlatforms) = preSolution
		Debug|x64 = Debug|x64
		Debug|x86 = Debug|x86
		Release|x64 = Release|x64
		Release|x86 = Release|x86
	EndGlobalSection
	GlobalSection(ProjectConfigurationPlatforms) = postSolution
		{EF912DE1-E9AD-4DD1-B26E-076F5B8DF693}.Debug|x64.ActiveCfg = Debug|x64
		{EF912DE1-E9AD-4DD1-B26E-076F5B8DF693}.Debug|x64.Build.0 = Debug|x64
		{EF912DE1-E9AD-4DD1-B26E-076F5B8DF693}.Debug|x86.ActiveCfg = Debug|Win32
		{EF912DE1-E9AD-4DD1-B26E-076F5B8DF693}.Debug|x86.Build.0 = Debug|Win32
		{EF912DE1-E9AD-4DD1-B26E-076F5B8DF693}.Release|x64.ActiveCfg = Release|x64
		{EF912DE1-E9AD-4DD1-B26E-076F5B8DF693}.Release|x64.Build.0 = Release|x64
		{EF912DE1-E9AD-4DD1-B26E-076F5B8DF693}.Release|x86.ActiveCfg = Release|Win32
		{EF912DE1-E9AD-4DD1-B26E-076F5B8DF693}.Release|x86.Build.0 = Release|Win32
	EndGlobalSection
	GlobalSection(SolutionProperties) = preSolution
		HideSolutionNode = FALSE
	EndGlobalSection
	GlobalSection(ExtensibilityGlobals) = postSolution
		SolutionGuid = {1847DD9D-10DB-4B36-AEA2-5A3D2A183EC0}
	EndGlobalSection
EndGlobal
